{
  "requires": true,
  "lockfileVersion": 1,
  "dependencies": {
    "bootstrap-css-only": {
      "version": "4.2.1",
      "resolved": "https://registry.npmjs.org/bootstrap-css-only/-/bootstrap-css-only-4.2.1.tgz",
      "integrity": "sha512-3SkuhCfiAS8nMlJXoQjIUTQqlWVNFQP71VF9IzNc+6YxMtlHz6gfhLQkuADcyWQu9+EE/l2SqJbUJfsB3fB1MA=="
    }
  }
}
